version = 1
revision = 3
requires-python = ">=3.12"

[[package]]
name = "colorama"
version = "0.4.6"
source = { registry = "https://pypi.org/simple" }
sdist = { url = "https://files.pythonhosted.org/packages/d8/53/6f443c9a4a8358a93a6792e2acffb9d9d5cb0a5cfd8802644b7b1c9a02e4/colorama-0.4.6.tar.gz", hash = "sha256:08695f5cb7ed6e0531a20572697297273c47b8cae5a63ffc6d6ed5c201be6e44", size = 27697, upload-time = "2022-10-25T02:36:22.414Z" }
wheels = [
    { url = "https://files.pythonhosted.org/packages/d1/d6/3965ed04c63042e047cb6a3e6ed1a63a35087b6a609aa3a15ed8ac56c221/colorama-0.4.6-py2.py3-none-any.whl", hash = "sha256:4f1d9991f5acc0ca119f9d443620b77f9d6b33703e51011c16baf57afb285fc6", size = 25335, upload-time = "2022-10-25T02:36:20.889Z" },
]

[[package]]
name = "coverage"
version = "7.15.0"
source = { registry = "https://pypi.org/simple" }
sdist = { url = "https://files.pythonhosted.org/packages/cc/8b/adeb62ea8951f13c4c7fef2e7a85e1a06b499c8d8237ea589d496029e53f/coverage-7.15.0.tar.gz", hash = "sha256:9ac3fe7a1435986463eaa8ee253ae2f2a268709ba4ae5c7dd1f52a05391ad78f", size = 925362, upload-time = "2026-07-02T13:10:50.535Z" }
wheels = [
    { url = "https://files.pythonhosted.org/packages/2a/74/fd4c0901137c4f8d81a76ada99e43c65163b4c94a02ece107a4ec0c6b615/coverage-7.15.0-cp312-cp312-macosx_10_13_x86_64.whl", hash = "sha256:b75ee5e8cb7575636ac598719b4307ac529ec8fcd79608a35c3cd4d4dada812d", size = 220838, upload-time = "2026-07-02T13:09:02.084Z" },
    { url = "https://files.pythonhosted.org/packages/0f/2e/2347583467bd7f0402635101a916961915cc68fce652cd0db5f173ea04fc/coverage-7.15.0-cp312-cp312-macosx_11_0_arm64.whl", hash = "sha256:ffb31267816b93b075302248cc1737506081b4f163df4401e9df1a6424aafabe", size = 221197, upload-time = "2026-07-02T13:09:03.617Z" },
    { url = "https://files.pythonhosted.org/packages/f0/17/99fa688541ae1d6e84543a0e544f83de0c944815b63e9e7b1ed411d15036/coverage-7.15.0-cp312-cp312-manylinux1_i686.manylinux_2_28_i686.manylinux_2_5_i686.whl", hash = "sha256:e4d0bb73455bf97ab243a8f12c37c686ccf1c13bb614b7b85f1d062f06f42b2c", size = 252705, upload-time = "2026-07-02T13:09:05.059Z" },
    { url = "https://files.pythonhosted.org/packages/fb/02/6a95a5cd83b74839017ef9cf48d2d8c9ae60af919e17a3f336e6f9f1b7bd/coverage-7.15.0-cp312-cp312-manylinux1_x86_64.manylinux_2_28_x86_64.manylinux_2_5_x86_64.whl", hash = "sha256:20d9ccc4ebd0edc434d86dfd2a1dd2a8efa6b6b3073d0485a394fee86459ebb4", size = 255441, upload-time = "2026-07-02T13:09:06.559Z" },
    { url = "https://files.pythonhosted.org/packages/67/f2/406f6c57d600f68185942422c4c00f1a3255d60aee6e5fd961425cd9987e/coverage-7.15.0-cp312-cp312-manylinux2014_aarch64.manylinux_2_17_aarch64.manylinux_2_28_aarch64.whl", hash = "sha256:20c8a976c365c8cb12f0cbd099508772ea41fb5fa80657a8506df0e11bd278c5", size = 256556, upload-time = "2026-07-02T13:09:08.197Z" },
    { url = "https://files.pythonhosted.org/packages/74/8e/d3fa48489c15ecdec1ba48fd61f68798555dddd2f6716f9ad42adeb1a2a9/coverage-7.15.0-cp312-cp312-manylinux2014_ppc64le.manylinux_2_17_ppc64le.manylinux_2_28_ppc64le.whl", hash = "sha256:f948fd5ba1b9cbca91f0ae08b4c1ce2b139509149a435e2585d056d57d70bf01", size = 258815, upload-time = "2026-07-02T13:09:09.691Z" },
    { url = "https://files.pythonhosted.org/packages/47/2e/2d40ddd110462c6a2769677cf7f1c119a52b45f568978fc6c98e4cc0dd0f/coverage-7.15.0-cp312-cp312-manylinux_2_31_riscv64.manylinux_2_39_riscv64.whl", hash = "sha256:f58185f06edf6ad68ec9fb155d63ef650c82f3fbd7e1770e2867751fb13158f4", size = 253117, upload-time = "2026-07-02T13:09:11.212Z" },
    { url = "https://files.pythonhosted.org/packages/51/c0/310782f0d7c3cb2b5ac05ba8d205fe91f24a36f6bf3256098f1782181c38/coverage-7.15.0-cp312-cp312-musllinux_1_2_aarch64.whl", hash = "sha256:02adc79a920c73c647c5d117f55747df7f2de94571884758ce8bc58e04f0a796", size = 254475, upload-time = "2026-07-02T13:09:13.029Z" },
    { url = "https://files.pythonhosted.org/packages/86/f7/702da6c275f8ae6ade423d2877243122932c9b27f5403003b9ef8c927d12/coverage-7.15.0-cp312-cp312-musllinux_1_2_i686.whl", hash = "sha256:6eb7c300fbed667fd6e3588eba71c1904cdb06110ca6fdf908c26bdd88b8e382", size = 252619, upload-time = "2026-07-02T13:09:14.699Z" },
    { url = "https://files.pythonhosted.org/packages/fb/84/c5b15a7e5ecba4e56218d772d99fe80a63e63f8d11f12783723a6005ab45/coverage-7.15.0-cp312-cp312-musllinux_1_2_ppc64le.whl", hash = "sha256:b5fb23fa2de9dce1f5c36c09066d8fcda16cd96e8e26686caa2d7cb9b567d65c", size = 256689, upload-time = "2026-07-02T13:09:16.103Z" },
    { url = "https://files.pythonhosted.org/packages/95/2f/c8b07559b57701230c61b23a953858c052890c12ef568d81780c6c46e92e/coverage-7.15.0-cp312-cp312-musllinux_1_2_riscv64.whl", hash = "sha256:cec79341dbe6281484024979976d0c7f22beae08b4a254655decd25d42cbe766", size = 252189, upload-time = "2026-07-02T13:09:17.828Z" },
    { url = "https://files.pythonhosted.org/packages/6b/80/6d2f049dd3fd3dbfd60b62ba6b2162a04009e2c002ce70b24cf3878dec7a/coverage-7.15.0-cp312-cp312-musllinux_1_2_x86_64.whl", hash = "sha256:6c664c5444b1d970b1b2a450e21fb19ee5c9cfdf151ded2dda37260031cca0da", size = 254059, upload-time = "2026-07-02T13:09:19.304Z" },
    { url = "https://files.pythonhosted.org/packages/ce/92/b0287a2c42031d25c628f815f89a3cd9f8268ee78bb1252c9356cda1c689/coverage-7.15.0-cp312-cp312-win32.whl", hash = "sha256:5f764a3fa339bde6b3aa97657f5a6a3a9451e4a5b4ea98a2892c773a43525f77", size = 222893, upload-time = "2026-07-02T13:09:20.812Z" },
    { url = "https://files.pythonhosted.org/packages/a9/69/e34c481915fecb499b3146975061dac528752e37706edc1804f32c822469/coverage-7.15.0-cp312-cp312-win_amd64.whl", hash = "sha256:52f9a4d2c4c56c8848bc2f524916698354b0211488b38c49ad9ae54f6cafbff6", size = 223429, upload-time = "2026-07-02T13:09:22.315Z" },
    { url = "https://files.pythonhosted.org/packages/fe/98/6e878f0b571d32684ef3f38d7c03db241ca5b82a5da8a5391596a8f209c4/coverage-7.15.0-cp312-cp312-win_arm64.whl", hash = "sha256:31e5c3e70c85307ea35a12964e2e40f56ca2ee4b1c8c721ccf4609d17071080b", size = 222810, upload-time = "2026-07-02T13:09:23.812Z" },
    { url = "https://files.pythonhosted.org/packages/76/04/145a3748098bcc86b631a85408d2c3dc5c104e0bd86d605468239b25b6c4/coverage-7.15.0-cp313-cp313-macosx_10_13_x86_64.whl", hash = "sha256:5be4caf3b28836f078abe700f8944dac4a65d78f16d6c600c89cb624e5535782", size = 220863, upload-time = "2026-07-02T13:09:25.371Z" },
    { url = "https://files.pythonhosted.org/packages/a4/5c/4ed55708fed2c64b63c9bc5715daef670872202101938869b7fe5d5fbb8f/coverage-7.15.0-cp313-cp313-macosx_11_0_arm64.whl", hash = "sha256:dd58ad1404704303ca8d4f4b8a1095e7cbc7040ef17a66df1e6619aa10176430", size = 221230, upload-time = "2026-07-02T13:09:26.897Z" },
    { url = "https://files.pythonhosted.org/packages/7b/19/3a80b97d3b2a5c77a01ae359c6bed20c13738fe3d9380f08616d4fec0281/coverage-7.15.0-cp313-cp313-manylinux1_i686.manylinux_2_28_i686.manylinux_2_5_i686.whl", hash = "sha256:bbcbb317c2e5ded5b21104af81c29f391be2af98d065693ffbe8d23949b948e5", size = 252227, upload-time = "2026-07-02T13:09:28.543Z" },
    { url = "https://files.pythonhosted.org/packages/a1/fa/b70062750686bd7da454da27927622f48bbac6990ac7a4c4a4653e7b0036/coverage-7.15.0-cp313-cp313-manylinux1_x86_64.manylinux_2_28_x86_64.manylinux_2_5_x86_64.whl", hash = "sha256:27f31ecb458da3f859aab3f15ada871eb7a7768807d88df4a9f186bb17737970", size = 254823, upload-time = "2026-07-02T13:09:30.177Z" },
    { url = "https://files.pythonhosted.org/packages/a9/09/dad6a75a2e561b9dc5086a8c5257a7591d584246f67e23e70d2995b89ab6/coverage-7.15.0-cp313-cp313-manylinux2014_aarch64.manylinux_2_17_aarch64.manylinux_2_28_aarch64.whl", hash = "sha256:13fb759be317fdc62e0f56bffdf61cfcb45c7761ad6b71e3e583e71a67ae753c", size = 256059, upload-time = "2026-07-02T13:09:31.979Z" },
    { url = "https://files.pythonhosted.org/packages/e6/e7/b5d2941fa9564573d44b693a871ff3156f0c42cbefe977a09fa7fdc59971/coverage-7.15.0-cp313-cp313-manylinux2014_ppc64le.manylinux_2_17_ppc64le.manylinux_2_28_ppc64le.whl", hash = "sha256:d5cf007add5ab4bb8fa9f4c77e3732127c9e6cad501d7db43355fbfafca0be84", size = 258190, upload-time = "2026-07-02T13:09:34.035Z" },
    { url = "https://files.pythonhosted.org/packages/7c/1d/8e895bcde3c57ccd46d896dda5f2b3d5df761a1b0c6c9d450d175dedc632/coverage-7.15.0-cp313-cp313-manylinux_2_31_riscv64.manylinux_2_39_riscv64.whl", hash = "sha256:cc78d9843bd576fbe2118248258d485e968dc535f95ed504a7b0867ba9b51389", size = 252456, upload-time = "2026-07-02T13:09:35.765Z" },
    { url = "https://files.pythonhosted.org/packages/14/4c/f6997da343ddeb959be82c3b05322793f92c071ad45f7cb8a96336e2dd5f/coverage-7.15.0-cp313-cp313-musllinux_1_2_aarch64.whl", hash = "sha256:a263060f1de0b4b74b4e089c2a70b8003b3781c733329a9c8fd54995328f9950", size = 254192, upload-time = "2026-07-02T13:09:37.445Z" },
    { url = "https://files.pythonhosted.org/packages/17/27/a0bc09d032267b9da89d95a2d874cfbef2a5aebbf0e87cf7aba221d79a99/coverage-7.15.0-cp313-cp313-musllinux_1_2_i686.whl", hash = "sha256:c48decf16e0dfd5b049c7d5e82200c23c08126719142998d4f172444e3d0529e", size = 252153, upload-time = "2026-07-02T13:09:39.422Z" },
    { url = "https://files.pythonhosted.org/packages/54/c0/77fc233d9fba07b244c40948c53fe27308b8f21732fb3417f87fbd6fd992/coverage-7.15.0-cp313-cp313-musllinux_1_2_ppc64le.whl", hash = "sha256:08fb028000ed0aaa0a4cbdfbb98be7cb42f370db973fbbb469733505ab20e13e", size = 256310, upload-time = "2026-07-02T13:09:41.006Z" },
    { url = "https://files.pythonhosted.org/packages/d5/24/601cecfb5825becacb8d45219a018a3b55b9dbaec624efdb0ea249d08be2/coverage-7.15.0-cp313-cp313-musllinux_1_2_riscv64.whl", hash = "sha256:fb7dc0c3b7d8a1077abea0b8546ebc5e26d6ef6ecefc2f0f5ad2b8a53bdad837", size = 251974, upload-time = "2026-07-02T13:09:42.733Z" },
    { url = "https://files.pythonhosted.org/packages/47/1e/6f45e5a5b3d5484318d368702af6716b5ab8913b0428bec981a562fcf296/coverage-7.15.0-cp313-cp313-musllinux_1_2_x86_64.whl", hash = "sha256:6cb3602054ccbe9f0d8c2dc04bbeba90d5719236e2cd06e042ddd6d3fc7b6e37", size = 253745, upload-time = "2026-07-02T13:09:44.376Z" },
    { url = "https://files.pythonhosted.org/packages/8e/db/4df027a77bd11d0e527f44c53557c76e54ad027413d0304252ea3a78d67e/coverage-7.15.0-cp313-cp313-win32.whl", hash = "sha256:0bf781da64326b677be344df505171435b6f58716108606621d5d27d964fff8b", size = 222902, upload-time = "2026-07-02T13:09:46.122Z" },
    { url = "https://files.pythonhosted.org/packages/a0/10/0355894d34e231f2c5449e71287e81a50793a325df2e2b027b7bcd9dfd19/coverage-7.15.0-cp313-cp313-win_amd64.whl", hash = "sha256:2c57a275078ee3fa185f83e400f765bc764a549de66d99b47881645cbd4ea629", size = 223444, upload-time = "2026-07-02T13:09:47.687Z" },
    { url = "https://files.pythonhosted.org/packages/06/ef/bb725f263befaaff851203ab338e68af15e195d7f7b5f323162532d9b6a8/coverage-7.15.0-cp313-cp313-win_arm64.whl", hash = "sha256:3812c61afc6685c7999b39320779ab8f43b7a3081fdb0def39976e56fbdb9a21", size = 222839, upload-time = "2026-07-02T13:09:49.717Z" },
    { url = "https://files.pythonhosted.org/packages/4f/9c/1e3ca54f72a3185ece06c58d871099898c48f0ed6430d17b6ab75f0d180a/coverage-7.15.0-cp314-cp314-macosx_10_15_x86_64.whl", hash = "sha256:41cb79af843222e11da87127ad0ecbfa878abadd0f770a4a99391a27d3887324", size = 220906, upload-time = "2026-07-02T13:09:51.339Z" },
    { url = "https://files.pythonhosted.org/packages/09/37/f718613d83b274880382f6b67e78f3802549ae39b0b3e65ae5b5974df56e/coverage-7.15.0-cp314-cp314-macosx_11_0_arm64.whl", hash = "sha256:7d2008989ef8fe54188d3f3bfa2e3099b025af11e90a6a1b9e7dc433d04263d8", size = 221239, upload-time = "2026-07-02T13:09:53.138Z" },
    { url = "https://files.pythonhosted.org/packages/a7/ce/22bae91e0b75445f68d365c7643ed0aa4880bbf77450ee74ca65bdae53a7/coverage-7.15.0-cp314-cp314-manylinux1_i686.manylinux_2_28_i686.manylinux_2_5_i686.whl", hash = "sha256:769e8ece11a596315ebf5aa7ec383aeeed016c091d2bf6363ffb996d41529092", size = 252286, upload-time = "2026-07-02T13:09:54.996Z" },
    { url = "https://files.pythonhosted.org/packages/dd/1e/bec5e32aa508615d9d7a2790effb25fb4dc28606e995816afe400b25ece3/coverage-7.15.0-cp314-cp314-manylinux1_x86_64.manylinux_2_28_x86_64.manylinux_2_5_x86_64.whl", hash = "sha256:65a6b6164ee5c39e2f3803f314292d6c61a607ba7fee253d1e03c42dc3903502", size = 254789, upload-time = "2026-07-02T13:09:56.678Z" },
    { url = "https://files.pythonhosted.org/packages/17/29/0e865435b4354e4a7c03b1b7920046d31d0a273d55decefea27e011cb9bf/coverage-7.15.0-cp314-cp314-manylinux2014_aarch64.manylinux_2_17_aarch64.manylinux_2_28_aarch64.whl", hash = "sha256:75128817f95a5c45bb01d65fd2d8b9cb54bbe03d81608fb70e3e14b437ad56c2", size = 256135, upload-time = "2026-07-02T13:09:58.343Z" },
    { url = "https://files.pythonhosted.org/packages/84/ff/33a870b58a13325d62fc0a6c8f01fa0ff667cef60c7498e2382a147dfa18/coverage-7.15.0-cp314-cp314-manylinux2014_ppc64le.manylinux_2_17_ppc64le.manylinux_2_28_ppc64le.whl", hash = "sha256:9887bb428fe2d4cd4bee89bac1a6c9932f484afd5b36fbd4ff6ea5f825bb1f5e", size = 258449, upload-time = "2026-07-02T13:10:00.057Z" },
    { url = "https://files.pythonhosted.org/packages/18/7b/6fffe596bf3ddba8462758d02c5dad730fd91055a6634aa2e4226229181a/coverage-7.15.0-cp314-cp314-manylinux_2_31_riscv64.manylinux_2_39_riscv64.whl", hash = "sha256:0bfc0be1f702042207a93a00523b1065ee1fe951e96edf311581c0bbc2e34888", size = 252313, upload-time = "2026-07-02T13:10:01.946Z" },
    { url = "https://files.pythonhosted.org/packages/58/1b/11468dd6c1676ab831a70cb9a8d4e198e8607fa0b7220ab918b73fe9bfbd/coverage-7.15.0-cp314-cp314-musllinux_1_2_aarch64.whl", hash = "sha256:f64627d55def5a43282d70e08396672692f77e4da610a5bb8bb4060b432b6859", size = 254142, upload-time = "2026-07-02T13:10:04.065Z" },
    { url = "https://files.pythonhosted.org/packages/79/41/29328e21d16b1b95092c30dd700e08cf915bd3734f836df8f3bdb0e8fa9f/coverage-7.15.0-cp314-cp314-musllinux_1_2_i686.whl", hash = "sha256:2c6f0fa473003905c6d5bac328ee4eba9fbea654f15bc24b8a3274b23363fa99", size = 252108, upload-time = "2026-07-02T13:10:06.11Z" },
    { url = "https://files.pythonhosted.org/packages/9b/de/05ccfb990439655b35afbfd8e0d13fe66677565a7d4eb38c3f5ef2635e1c/coverage-7.15.0-cp314-cp314-musllinux_1_2_ppc64le.whl", hash = "sha256:2bcf9afaf064172c6ec3c58a325a9957ad1178c05dd934e25f253321776e0676", size = 256385, upload-time = "2026-07-02T13:10:08.141Z" },
    { url = "https://files.pythonhosted.org/packages/51/0e/486828a3d2695ea7a2609f17ff572f6b01905e608379440a11da4b8dffbe/coverage-7.15.0-cp314-cp314-musllinux_1_2_riscv64.whl", hash = "sha256:baf06bc987115d6fb938d403f7eab684a057766c490367999a2b71a6883110c6", size = 251923, upload-time = "2026-07-02T13:10:10.179Z" },
    { url = "https://files.pythonhosted.org/packages/18/c7/03582b6715f078e5e558354c87616d945b9894cda2dace8e4009b17035e4/coverage-7.15.0-cp314-cp314-musllinux_1_2_x86_64.whl", hash = "sha256:f0405f2ff97b1c4c0e782cb32e02f32369bcf2e6b618b591d67e1ea754575dfe", size = 253580, upload-time = "2026-07-02T13:10:12.052Z" },
    { url = "https://files.pythonhosted.org/packages/db/dc/9e578bbaf2ecb4959a81b7e7601ad8cca772cba2892e8d144cb749b4a71a/coverage-7.15.0-cp314-cp314-win32.whl", hash = "sha256:ab282853ed5fbd64bbb162f19cb8fcb7087187508a6374b4f9c34ec1577c4e8f", size = 223107, upload-time = "2026-07-02T13:10:13.994Z" },
    { url = "https://files.pythonhosted.org/packages/ae/3e/c8c3b75d8dbe0e35f7b0cc3ff5e949fc59500f70b21d0398813f66740664/coverage-7.15.0-cp314-cp314-win_amd64.whl", hash = "sha256:3bb3040e9f4bbe26fcb0cd7cc85ac63e630d3f3a9c74f027abf4caa27e706663", size = 223597, upload-time = "2026-07-02T13:10:15.906Z" },
    { url = "https://files.pythonhosted.org/packages/cd/bc/3cbc9fb036eb388519bccd521f783499c39b64256013fbc362782f196fe1/coverage-7.15.0-cp314-cp314-win_arm64.whl", hash = "sha256:346771144d34f7fa84ec28386f78e0f31653f33cf35e19d253d5b35f9e8201da", size = 223020, upload-time = "2026-07-02T13:10:17.844Z" },
    { url = "https://files.pythonhosted.org/packages/28/00/199c4a8d656dff63102577a056c0fce2ff6a79e40adac092fc986c49cbf1/coverage-7.15.0-cp314-cp314t-macosx_10_15_x86_64.whl", hash = "sha256:d34a010905fb6401324ba016b5da03d574967f7b21ce48ea41e66f0f1f95f641", size = 221638, upload-time = "2026-07-02T13:10:19.703Z" },
    { url = "https://files.pythonhosted.org/packages/ba/8e/9d0092c96a3d3a26951ecc7020826aa57bcb1b119ca81acbba996884ab13/coverage-7.15.0-cp314-cp314t-macosx_11_0_arm64.whl", hash = "sha256:bb25d825d885ca8036795dacfc3924d33091fc76d71ebc99420c6b79e77d96fa", size = 221903, upload-time = "2026-07-02T13:10:21.514Z" },
    { url = "https://files.pythonhosted.org/packages/6d/b4/c0ca3028f42c9a08e51feb4561ef1192e5de99797cd1db5b04590c215bda/coverage-7.15.0-cp314-cp314t-manylinux1_i686.manylinux_2_28_i686.manylinux_2_5_i686.whl", hash = "sha256:94c9686bfe8a9a6810297aecbd99beaa3445f9e8dc2f80b1382cca0d86b64461", size = 263267, upload-time = "2026-07-02T13:10:23.261Z" },
    { url = "https://files.pythonhosted.org/packages/5f/aa/a375e3846e5d3c013dc600b2a3231089055c73d77f5393dd2192a8d64da6/coverage-7.15.0-cp314-cp314t-manylinux1_x86_64.manylinux_2_28_x86_64.manylinux_2_5_x86_64.whl", hash = "sha256:9bd671c25f9d85f09d7ec481d0e43d5139f486c06a37139847a7ce569788af72", size = 265390, upload-time = "2026-07-02T13:10:25.152Z" },
    { url = "https://files.pythonhosted.org/packages/92/e1/5783cdabb797305e1c9e4809fea496d31834c51fa772514f73dc148bcfc9/coverage-7.15.0-cp314-cp314t-manylinux2014_aarch64.manylinux_2_17_aarch64.manylinux_2_28_aarch64.whl", hash = "sha256:110cbdf8d2e216577312cf06ccf85539c0e5a5420ef747e4a4719b5e483c88cd", size = 267811, upload-time = "2026-07-02T13:10:27.249Z" },
    { url = "https://files.pythonhosted.org/packages/85/31/96d8bbf58b8e9193bc8389574a91a0db48355ee98feb66aa6bf8d1b32eea/coverage-7.15.0-cp314-cp314t-manylinux2014_ppc64le.manylinux_2_17_ppc64le.manylinux_2_28_ppc64le.whl", hash = "sha256:2c5d4619214f1d9993e7b00a8600d14614b7e9d84e89507460b126aa5e6559e5", size = 268928, upload-time = "2026-07-02T13:10:29.242Z" },
    { url = "https://files.pythonhosted.org/packages/5e/7a/5294567e811a1cb7eda93140c628fa050d66189da28da320f93d1d815c73/coverage-7.15.0-cp314-cp314t-manylinux_2_31_riscv64.manylinux_2_39_riscv64.whl", hash = "sha256:781a704516e2d8346fbbd5be6c6f3412dd824785146528b3a01816f26c081007", size = 262378, upload-time = "2026-07-02T13:10:31.107Z" },
    { url = "https://files.pythonhosted.org/packages/69/3f/3f48538421f899f28946f90a3d272136a4686e1abf461cc9249a783ee0f3/coverage-7.15.0-cp314-cp314t-musllinux_1_2_aarch64.whl", hash = "sha256:bd4a1b44bcb65ee29e947ac92bbee04956df3a6bfc6143641bb6cae7ede00fc9", size = 265263, upload-time = "2026-07-02T13:10:32.942Z" },
    { url = "https://files.pythonhosted.org/packages/ce/d3/092df15efcab8a9c1467ee960eb8019bbad3f9300d115d89ea6195f369ff/coverage-7.15.0-cp314-cp314t-musllinux_1_2_i686.whl", hash = "sha256:0e4950c9d6d3e39c64c991814ff315e2d0b9cb8152363594212c9e55208c0a8f", size = 262866, upload-time = "2026-07-02T13:10:35.104Z" },
    { url = "https://files.pythonhosted.org/packages/e5/ab/0254d2b88665efb2c57ad368cc77ab5de3435bd8d5add4729c1b0e79431e/coverage-7.15.0-cp314-cp314t-musllinux_1_2_ppc64le.whl", hash = "sha256:fe9c87ff42e5472d80d21704972e1f96e104a0a599d77c5e35db5a3c562e2571", size = 266599, upload-time = "2026-07-02T13:10:37.05Z" },
    { url = "https://files.pythonhosted.org/packages/a8/79/1cfa4023e489ce6fbc7be4a5d442dbc375edb4f4fda39a352cedb53263c2/coverage-7.15.0-cp314-cp314t-musllinux_1_2_riscv64.whl", hash = "sha256:f00d5ae1dd2fe13fb8186e3e7d37bcbd8b25c0d764ff7d1b32cef9be058510a8", size = 261714, upload-time = "2026-07-02T13:10:38.966Z" },
    { url = "https://files.pythonhosted.org/packages/b7/eb/fee5c8665656be63f497418d410484637c438172568688e8ac92e06574e7/coverage-7.15.0-cp314-cp314t-musllinux_1_2_x86_64.whl", hash = "sha256:363ab38cc78b615f11c9cac3cf1d7eef950c18b9fdedfb9066f59461dcf84d68", size = 264025, upload-time = "2026-07-02T13:10:40.789Z" },
    { url = "https://files.pythonhosted.org/packages/ab/99/63005db722f91edc81abc16302f9cc2f6228c1679e46e15be9ae144b14d0/coverage-7.15.0-cp314-cp314t-win32.whl", hash = "sha256:54fd9c53a5fafff509195f1b6a3f9be615d8e8362a3629ff1de23d270c03c86b", size = 223413, upload-time = "2026-07-02T13:10:42.597Z" },
    { url = "https://files.pythonhosted.org/packages/c1/e8/2bc6181c4fb06f1a6b981eb85330cc57bfad7e3f710fc9c9d350013ba228/coverage-7.15.0-cp314-cp314t-win_amd64.whl", hash = "sha256:87b47553097ba185ed964866078e7e63adea9f5f51b5f39691c34f30afd21080", size = 224245, upload-time = "2026-07-02T13:10:44.47Z" },
    { url = "https://files.pythonhosted.org/packages/79/b8/4d959bf9cc45d0cfed2f4d35cafcab978cdb6ea02eb5100009cd740632a3/coverage-7.15.0-cp314-cp314t-win_arm64.whl", hash = "sha256:aeefb2dd178fe7eee79f0ad25d75855cb35ee9ed472db2c5ea06f5b4fd00cec5", size = 223558, upload-time = "2026-07-02T13:10:46.368Z" },
    { url = "https://files.pythonhosted.org/packages/52/30/21b2ad45959cd50e909e02ebac1e30b4ceb7162e91c11d4c570223a458b7/coverage-7.15.0-py3-none-any.whl", hash = "sha256:56da6a4cbe8f7e9e80bd072ca9cefe67d7106a440a7ec06519ec6507ac94ad19", size = 212632, upload-time = "2026-07-02T13:10:48.641Z" },
]

[[package]]
name = "iniconfig"
version = "2.3.0"
source = { registry = "https://pypi.org/simple" }
sdist = { url = "https://files.pythonhosted.org/packages/72/34/14ca021ce8e5dfedc35312d08ba8bf51fdd999c576889fc2c24cb97f4f10/iniconfig-2.3.0.tar.gz", hash = "sha256:c76315c77db068650d49c5b56314774a7804df16fee4402c1f19d6d15d8c4730", size = 20503, upload-time = "2025-10-18T21:55:43.219Z" }
wheels = [
    { url = "https://files.pythonhosted.org/packages/cb/b1/3846dd7f199d53cb17f49cba7e651e9ce294d8497c8c150530ed11865bb8/iniconfig-2.3.0-py3-none-any.whl", hash = "sha256:f631c04d2c48c52b84d0d0549c99ff3859c98df65b3101406327ecc7d53fbf12", size = 7484, upload-time = "2025-10-18T21:55:41.639Z" },
]

[[package]]
name = "packaging"
version = "26.2"
source = { registry = "https://pypi.org/simple" }
sdist = { url = "https://files.pythonhosted.org/packages/d7/f1/e7a6dd94a8d4a5626c03e4e99c87f241ba9e350cd9e6d75123f992427270/packaging-26.2.tar.gz", hash = "sha256:ff452ff5a3e828ce110190feff1178bb1f2ea2281fa2075aadb987c2fb221661", size = 228134, upload-time = "2026-04-24T20:15:23.917Z" }
wheels = [
    { url = "https://files.pythonhosted.org/packages/df/b2/87e62e8c3e2f4b32e5fe99e0b86d576da1312593b39f47d8ceef365e95ed/packaging-26.2-py3-none-any.whl", hash = "sha256:5fc45236b9446107ff2415ce77c807cee2862cb6fac22b8a73826d0693b0980e", size = 100195, upload-time = "2026-04-24T20:15:22.081Z" },
]

[[package]]
name = "pluggy"
version = "1.6.0"
source = { registry = "https://pypi.org/simple" }
sdist = { url = "https://files.pythonhosted.org/packages/f9/e2/3e91f31a7d2b083fe6ef3fa267035b518369d9511ffab804f839851d2779/pluggy-1.6.0.tar.gz", hash = "sha256:7dcc130b76258d33b90f61b658791dede3486c3e6bfb003ee5c9bfb396dd22f3", size = 69412, upload-time = "2025-05-15T12:30:07.975Z" }
wheels = [
    { url = "https://files.pythonhosted.org/packages/54/20/4d324d65cc6d9205fabedc306948156824eb9f0ee1633355a8f7ec5c66bf/pluggy-1.6.0-py3-none-any.whl", hash = "sha256:e920276dd6813095e9377c0bc5566d94c932c33b27a3e3945d8389c374dd4746", size = 20538, upload-time = "2025-05-15T12:30:06.134Z" },
]

[[package]]
name = "pygments"
version = "2.20.0"
source = { registry = "https://pypi.org/simple" }
sdist = { url = "https://files.pythonhosted.org/packages/c3/b2/bc9c9196916376152d655522fdcebac55e66de6603a76a02bca1b6414f6c/pygments-2.20.0.tar.gz", hash = "sha256:6757cd03768053ff99f3039c1a36d6c0aa0b263438fcab17520b30a303a82b5f", size = 4955991, upload-time = "2026-03-29T13:29:33.898Z" }
wheels = [
    { url = "https://files.pythonhosted.org/packages/f4/7e/a72dd26f3b0f4f2bf1dd8923c85f7ceb43172af56d63c7383eb62b332364/pygments-2.20.0-py3-none-any.whl", hash = "sha256:81a9e26dd42fd28a23a2d169d86d7ac03b46e2f8b59ed4698fb4785f946d0176", size = 1231151, upload-time = "2026-03-29T13:29:30.038Z" },
]

[[package]]
name = "pytest"
version = "9.1.1"
source = { registry = "https://pypi.org/simple" }
dependencies = [
    { name = "colorama", marker = "sys_platform == 'win32'" },
    { name = "iniconfig" },
    { name = "packaging" },
    { name = "pluggy" },
    { name = "pygments" },
]
sdist = { url = "https://files.pythonhosted.org/packages/e4/47/b9efed96c114afcfa3c9d3fe98a76a1d14c74a9e266d397cf6eb64be5e01/pytest-9.1.1.tar.gz", hash = "sha256:1088fbde8f2b49d95a549a195707afa7a76a3ce9bcadc26b6d71f0ffda5fe313", size = 1636369, upload-time = "2026-06-19T10:58:32.857Z" }
wheels = [
    { url = "https://files.pythonhosted.org/packages/24/25/1de2678b631f5a49215c6c96fff41ba892b0a34df68d6d80292b1b48aa7f/pytest-9.1.1-py3-none-any.whl", hash = "sha256:37a86b45efb9a47a61a36449063e8e18d0cab3161329fc099eb21783169c4f0c", size = 386536, upload-time = "2026-06-19T10:58:31.347Z" },
]

[[package]]
name = "pytest-cov"
version = "7.1.0"
source = { registry = "https://pypi.org/simple" }
dependencies = [
    { name = "coverage" },
    { name = "pluggy" },
    { name = "pytest" },
]
sdist = { url = "https://files.pythonhosted.org/packages/b1/51/a849f96e117386044471c8ec2bd6cfebacda285da9525c9106aeb28da671/pytest_cov-7.1.0.tar.gz", hash = "sha256:30674f2b5f6351aa09702a9c8c364f6a01c27aae0c1366ae8016160d1efc56b2", size = 55592, upload-time = "2026-03-21T20:11:16.284Z" }
wheels = [
    { url = "https://files.pythonhosted.org/packages/9d/7a/d968e294073affff457b041c2be9868a40c1c71f4a35fcc1e45e5493067b/pytest_cov-7.1.0-py3-none-any.whl", hash = "sha256:a0461110b7865f9a271aa1b51e516c9a95de9d696734a2f71e3e78f46e1d4678", size = 22876, upload-time = "2026-03-21T20:11:14.438Z" },
]

[[package]]
name = "repoglyph"
version = "0.2.0"
source = { editable = "." }

[package.optional-dependencies]
png = [
    { name = "resvg-py" },
]

[package.dev-dependencies]
dev = [
    { name = "pytest" },
    { name = "pytest-cov" },
    { name = "resvg-py" },
]

[package.metadata]
requires-dist = [{ name = "resvg-py", marker = "extra == 'png'", specifier = ">=0.3.3" }]
provides-extras = ["png"]

[package.metadata.requires-dev]
dev = [
    { name = "pytest", specifier = ">=8" },
    { name = "pytest-cov", specifier = ">=6" },
    { name = "resvg-py", specifier = ">=0.3.3" },
]

[[package]]
name = "resvg-py"
version = "0.3.3"
source = { registry = "https://pypi.org/simple" }
sdist = { url = "https://files.pythonhosted.org/packages/4b/9f/b2cf731a445e454c0d96b76e39843d8c26c2a9f0d78594dfbe2d4a3ad63c/resvg_py-0.3.3.tar.gz", hash = "sha256:7884f3e2d85e943fc9939ba6a639e373f45043ffec3b735df1fe9f02cb8eac91", size = 1748355, upload-time = "2026-06-19T13:35:18.182Z" }
wheels = [
    { url = "https://files.pythonhosted.org/packages/e8/77/3bd376c96b7d42ff4a316e060fa0c3fad05171b3c3637e844899789057a9/resvg_py-0.3.3-cp312-cp312-macosx_10_12_x86_64.whl", hash = "sha256:9268ceb1629d34cfc6f244f0ad7a8fcd6376f9f4ce822c0c3c30df79de712fd7", size = 1043528, upload-time = "2026-06-19T13:33:35.697Z" },
    { url = "https://files.pythonhosted.org/packages/96/d3/c0a08794554c6348f27b79b30567d8f3f8ad16f8f5bfcb523a764101b7f4/resvg_py-0.3.3-cp312-cp312-macosx_11_0_arm64.whl", hash = "sha256:de8191176a578492a6922caf33599a297322c78173e1b939b9464459fed635c7", size = 996042, upload-time = "2026-06-19T13:33:37.052Z" },
    { url = "https://files.pythonhosted.org/packages/18/37/027520514ddb13a496e9a7637c65985d96bb4ffb1ec77c9847264309fd5d/resvg_py-0.3.3-cp312-cp312-manylinux_2_17_aarch64.manylinux2014_aarch64.whl", hash = "sha256:57194e058aacee5e5d7694c5dbb00cde56d9a760ef1433a7e7f2a8b22e2c7576", size = 1171015, upload-time = "2026-06-19T13:33:38.551Z" },
    { url = "https://files.pythonhosted.org/packages/54/f8/63c45f7959a019b5155e0db14acc572f80fab5173453102ae45375f42008/resvg_py-0.3.3-cp312-cp312-manylinux_2_17_armv7l.manylinux2014_armv7l.whl", hash = "sha256:2f3a199a51221fee9bd904c3a0b5c60c842e0197b21f0e3198d3de063a7a284a", size = 1116297, upload-time = "2026-06-19T13:33:39.93Z" },
    { url = "https://files.pythonhosted.org/packages/1e/f1/f90bccdd1682808bc5394d4aa6f8db653ed259f92ccd3b4185a579e62ce4/resvg_py-0.3.3-cp312-cp312-manylinux_2_17_ppc64le.manylinux2014_ppc64le.whl", hash = "sha256:8c7bec5f079bf2debe16af59940fd01749f5d17700d15dd66cb4f4442cb80a44", size = 1269731, upload-time = "2026-06-19T13:33:41.579Z" },
    { url = "https://files.pythonhosted.org/packages/ba/70/94cb6c67b575c20de0dafc5fff670210706aa68ba535cd64147ad5c3a7aa/resvg_py-0.3.3-cp312-cp312-manylinux_2_17_s390x.manylinux2014_s390x.whl", hash = "sha256:1a858234af1c42ff9f75d449b0b2f20ac819c1075bb9221c2c3170840cdb5685", size = 1252336, upload-time = "2026-06-19T13:33:43.102Z" },
    { url = "https://files.pythonhosted.org/packages/ee/fe/2392102c39e1b8512b79500ecc201bde4f05dc205aa7166d2c216e226619/resvg_py-0.3.3-cp312-cp312-manylinux_2_17_x86_64.manylinux2014_x86_64.whl", hash = "sha256:b4c78673fa0fd242dd7d9d802f475bdefb3cb57e5f504c2e2f3adca4c305d3ef", size = 1173517, upload-time = "2026-06-19T13:33:44.549Z" },
    { url = "https://files.pythonhosted.org/packages/76/d2/34abb5816f8373855d6fe27883681c577baf20fbf845fa1c84a56047b4ef/resvg_py-0.3.3-cp312-cp312-manylinux_2_5_i686.manylinux1_i686.whl", hash = "sha256:2524fc51eb2d4cb39d5850864416d3fca152979be2490a388083e71f45ad3370", size = 1242458, upload-time = "2026-06-19T13:33:46.003Z" },
    { url = "https://files.pythonhosted.org/packages/c1/ef/b637eec467feb953197e2ddead4b29e40b29b56df785d3823b360274f441/resvg_py-0.3.3-cp312-cp312-musllinux_1_2_aarch64.whl", hash = "sha256:c1ed821036d7e9009fb11b63ae7f41d158fe0a66ebd64ab6825fd3830ff1c2c2", size = 1348813, upload-time = "2026-06-19T13:33:47.63Z" },
    { url = "https://files.pythonhosted.org/packages/4c/14/29401706c5c774fd7cb87f3df66ae6a7bf038696780d95b4d72efc2f5043/resvg_py-0.3.3-cp312-cp312-musllinux_1_2_armv7l.whl", hash = "sha256:d95c89e55bef7093c9894a08a0f16482c4cc35ff023b5b053075675841e5c178", size = 1393013, upload-time = "2026-06-19T13:33:49.165Z" },
    { url = "https://files.pythonhosted.org/packages/d9/51/5da062383f8a87c681b37838184ebc5992e65ce943d615259fe3e84c030b/resvg_py-0.3.3-cp312-cp312-musllinux_1_2_i686.whl", hash = "sha256:3d48bdfd3a75ef7de6d27fd0b50a43bd8dd7a66fa93e07f690a98a9767478bb2", size = 1415303, upload-time = "2026-06-19T13:33:50.607Z" },
    { url = "https://files.pythonhosted.org/packages/a2/86/6d7428e3ba6c5d98683168b90f9ffa8ed6a448853d6218cb64a5eaff869c/resvg_py-0.3.3-cp312-cp312-musllinux_1_2_x86_64.whl", hash = "sha256:45427ef75e949f01a419d6f2a71ff37f14110d52a7364fe43f7248b88fd282da", size = 1392534, upload-time = "2026-06-19T13:33:51.91Z" },
    { url = "https://files.pythonhosted.org/packages/28/ca/beb6a3b5e9e0431fce396501a562077835a5fa36501903fc861518e1dad5/resvg_py-0.3.3-cp312-cp312-win_amd64.whl", hash = "sha256:a4f185e73898995adceabc59a81c0da4765176d751b90be3aa73203990b36d28", size = 986515, upload-time = "2026-06-19T13:33:53.541Z" },
    { url = "https://files.pythonhosted.org/packages/ea/91/51540a9ed1319d49ca8a91b66903eae0e6f75672070c63bff88c36a8d805/resvg_py-0.3.3-cp312-cp312-win_arm64.whl", hash = "sha256:6e6f3180cae3505706ce32eec1233a27fc7b9d5d304e20c04f79d07897c6a5f7", size = 924872, upload-time = "2026-06-19T13:33:54.779Z" },
    { url = "https://files.pythonhosted.org/packages/4f/2b/8c01060900a196c83bd81b2cf5620aa8d18caa9595c06869fd4a87465945/resvg_py-0.3.3-cp313-cp313-macosx_10_12_x86_64.whl", hash = "sha256:fa413cfd0854f7449cd37748ce642ce491d2e6e23f369d180b2861ed5d0e2ddf", size = 1043644, upload-time = "2026-06-19T13:33:56.522Z" },
    { url = "https://files.pythonhosted.org/packages/ac/55/e46cad72ba85ad5d9ea52e0bc7d6848c00abaffcd077f242f4c439e2e583/resvg_py-0.3.3-cp313-cp313-macosx_11_0_arm64.whl", hash = "sha256:79c1922c3db974f71cc8ee23bd6b18fdb24e13c74493cb1c9428c9f126f89ff8", size = 995909, upload-time = "2026-06-19T13:33:57.713Z" },
    { url = "https://files.pythonhosted.org/packages/7b/f2/f44a408de073227f008788336abd6911f4ce78a237e170cc7edfa3d79eeb/resvg_py-0.3.3-cp313-cp313-manylinux_2_17_aarch64.manylinux2014_aarch64.whl", hash = "sha256:34485a62e3dc1e502d91855154d57cb54e6dcaf28a558e33205d77892585360d", size = 1171096, upload-time = "2026-06-19T13:33:59.178Z" },
    { url = "https://files.pythonhosted.org/packages/8b/ae/ae1556ffd2233c64d615e58f9331ac19dbac9c4906185a655f6157215721/resvg_py-0.3.3-cp313-cp313-manylinux_2_17_armv7l.manylinux2014_armv7l.whl", hash = "sha256:cb2dfec2e604477a2e831cb3d505b541590c1261df8a1e6d02745f80f405047c", size = 1116351, upload-time = "2026-06-19T13:34:00.785Z" },
    { url = "https://files.pythonhosted.org/packages/6b/1b/e923b072db6c9e324bca9c4b2a17041805d63b2a4f7298b64908ff1c5afb/resvg_py-0.3.3-cp313-cp313-manylinux_2_17_ppc64le.manylinux2014_ppc64le.whl", hash = "sha256:c88a143eaf64316bdff1fafb93e622b276d3588d1d59ea4f5f03108e4d399dca", size = 1269710, upload-time = "2026-06-19T13:34:02.081Z" },
    { url = "https://files.pythonhosted.org/packages/73/3c/522395b5faccb25ed8bea3af7d8aac371c5e201e771cf885e6b61fb9e92f/resvg_py-0.3.3-cp313-cp313-manylinux_2_17_s390x.manylinux2014_s390x.whl", hash = "sha256:864de609f4866580e033541273c7b61cb05ab815db7e52c089cea3c5aea60366", size = 1252423, upload-time = "2026-06-19T13:34:03.474Z" },
    { url = "https://files.pythonhosted.org/packages/4a/10/e900789bb2e0db46adebfffcdbc816c0efe3af2e861f382ce8804d6d3912/resvg_py-0.3.3-cp313-cp313-manylinux_2_17_x86_64.manylinux2014_x86_64.whl", hash = "sha256:e148630bea35d7897bc66116fb440b6ac826da10fad088092104e56343c12088", size = 1173465, upload-time = "2026-06-19T13:34:04.776Z" },
    { url = "https://files.pythonhosted.org/packages/df/32/7e33d8280f36deefe62310c565b242cdc656154952ef33275944b39fd23e/resvg_py-0.3.3-cp313-cp313-manylinux_2_5_i686.manylinux1_i686.whl", hash = "sha256:6515cb342b3cdac57c3c70ec4bdb05b8f26f10ab9a90d208ccdfd731a38749cd", size = 1242546, upload-time = "2026-06-19T13:34:06.826Z" },
    { url = "https://files.pythonhosted.org/packages/6a/e6/37b65267ba4044e9658916cfe48d47f32dd26a64754dbbc027c0367838e8/resvg_py-0.3.3-cp313-cp313-musllinux_1_2_aarch64.whl", hash = "sha256:bf5884dfc349510b874a107ee2eaec2ae6e7f6627bb6f754f9c3bb1b09a1bb11", size = 1348939, upload-time = "2026-06-19T13:34:08.45Z" },
    { url = "https://files.pythonhosted.org/packages/c6/e1/c1a8d322044e69b76be44658b7e1c5179a187938cbedb850eb502569e742/resvg_py-0.3.3-cp313-cp313-musllinux_1_2_armv7l.whl", hash = "sha256:81ad1f27feacab23317a4d639345e9c58dd2bbe8665b5010d52d774217dcf944", size = 1393048, upload-time = "2026-06-19T13:34:10.11Z" },
    { url = "https://files.pythonhosted.org/packages/83/fa/74fb4600f8f6a8159cad2382e33354cbfa808e61f0d34c0035ef832bc63e/resvg_py-0.3.3-cp313-cp313-musllinux_1_2_i686.whl", hash = "sha256:5aaed9b203336f9f887b6724351f1c41898e91fdf5a02b1d427667da019b533a", size = 1415362, upload-time = "2026-06-19T13:34:11.471Z" },
    { url = "https://files.pythonhosted.org/packages/4c/c4/e7667bde2e827fcf3d6f740e3a25e7cdf8cd6c45fc7bfaedaa639fad9653/resvg_py-0.3.3-cp313-cp313-musllinux_1_2_x86_64.whl", hash = "sha256:dd5b113ce8c8daf2ce37b547c6e1c359f8e9485ca1affa4cb4d6d482c0becede", size = 1392521, upload-time = "2026-06-19T13:34:12.727Z" },
    { url = "https://files.pythonhosted.org/packages/6e/5d/2696a6a517df8a78a3df5578e3e7c71be020f0500c370c903d30924d8650/resvg_py-0.3.3-cp313-cp313-win_amd64.whl", hash = "sha256:fe4ab3bd1e5e3ca3935d77f3fd1f681f5f7c555226cbc79a5e0153fea701f30e", size = 986438, upload-time = "2026-06-19T13:34:14.12Z" },
    { url = "https://files.pythonhosted.org/packages/12/54/b75a66dd6fd24df7864d11f96a83bdf7dcd957682a01037d5ba5bb80cf50/resvg_py-0.3.3-cp313-cp313-win_arm64.whl", hash = "sha256:b86beb3738eb7426169bb6f23b3aad060eb7939fbce8e27540a138c82dce281d", size = 924885, upload-time = "2026-06-19T13:34:15.443Z" },
    { url = "https://files.pythonhosted.org/packages/6d/ee/72f08009318b86ba639d407869ed366a2a24d7e5f87bd85c06b5874b5ee4/resvg_py-0.3.3-cp314-cp314-android_24_arm64_v8a.whl", hash = "sha256:fc0fd718a2db0b46a53d87537a7e3d9160e3074ad3a8b752e6d1b9a0af6edcb3", size = 1132285, upload-time = "2026-06-19T13:34:17.209Z" },
    { url = "https://files.pythonhosted.org/packages/99/c0/64c7bbc0395fb9c93489f8979259fe06457c72bf088688c9e6794c584f76/resvg_py-0.3.3-cp314-cp314-android_24_x86_64.whl", hash = "sha256:47b2de290d80891742b800eec09076f4c299f468181cb6c81656ffd10c4d8267", size = 1143197, upload-time = "2026-06-19T13:34:18.934Z" },
    { url = "https://files.pythonhosted.org/packages/a4/fd/e00ea05ccb4e6f07595c9e04a9d10a6f5c989284abb102ca11727a2dbdaa/resvg_py-0.3.3-cp314-cp314-macosx_10_12_x86_64.whl", hash = "sha256:dbf698e09f2671a6d0f5757dbc15e5cb675b003ab5f11147e097553e8f2a1616", size = 1044054, upload-time = "2026-06-19T13:34:20.222Z" },
    { url = "https://files.pythonhosted.org/packages/9d/a2/82846e4748ff75d84dc06e1c6baf7e229e27ec8891a20bf4f37890ec71b2/resvg_py-0.3.3-cp314-cp314-macosx_11_0_arm64.whl", hash = "sha256:d2b747d6f77fc985f7b7c5798b69ddbf0df8303d01b87899e34a2eba76e75e86", size = 996575, upload-time = "2026-06-19T13:34:21.513Z" },
    { url = "https://files.pythonhosted.org/packages/5d/b7/49cd8a32c097ca14820cdf59064a7a6b988462caeb573b4ca60039d48fae/resvg_py-0.3.3-cp314-cp314-manylinux_2_17_aarch64.manylinux2014_aarch64.whl", hash = "sha256:aaac963aa895ee7a23e41209e6625605771f3807bee9a3556ea346517754cd0e", size = 1171446, upload-time = "2026-06-19T13:34:23.313Z" },
    { url = "https://files.pythonhosted.org/packages/d1/81/dfde9d64de840c0bd4ec240c4a701b7a3a1fe8fdea82f6192f6f81875f66/resvg_py-0.3.3-cp314-cp314-manylinux_2_17_armv7l.manylinux2014_armv7l.whl", hash = "sha256:5a14768012cf41232dd78ef8e571cf942f69ac8d3dd06923c408f9856f431c5a", size = 1116803, upload-time = "2026-06-19T13:34:24.769Z" },
    { url = "https://files.pythonhosted.org/packages/b8/53/89a8083cd18adbd179058ef3daff7a84fcbf29d308876163716e45a146f2/resvg_py-0.3.3-cp314-cp314-manylinux_2_17_ppc64le.manylinux2014_ppc64le.whl", hash = "sha256:fef023a7806b1749fb5ecbe27c4250ba7399f14721644b33cf0d3f5971c870b0", size = 1270465, upload-time = "2026-06-19T13:34:26.46Z" },
    { url = "https://files.pythonhosted.org/packages/06/72/1825c9dec2019ae21229d2ad7afbabaadbcaa3141f0af46068a221d06a13/resvg_py-0.3.3-cp314-cp314-manylinux_2_17_s390x.manylinux2014_s390x.whl", hash = "sha256:e6850ea01a74ba8ef922db312bc06393d46fff1411f60d1d6c7d02586914744e", size = 1253351, upload-time = "2026-06-19T13:34:27.845Z" },
    { url = "https://files.pythonhosted.org/packages/25/64/093558bd67e04a286da3dc3ce77015d8773ccce75fc862d4547d699bcd53/resvg_py-0.3.3-cp314-cp314-manylinux_2_17_x86_64.manylinux2014_x86_64.whl", hash = "sha256:f0dc7bb865abb7a3cb6092d63b9d0e06216c4b2d1615f5b9b4b488c120ed2326", size = 1174217, upload-time = "2026-06-19T13:34:29.143Z" },
    { url = "https://files.pythonhosted.org/packages/bf/12/c9fad7f5a770b661f910b0bc06ff4983f86f426cdee73c206258ceefeaa1/resvg_py-0.3.3-cp314-cp314-manylinux_2_5_i686.manylinux1_i686.whl", hash = "sha256:f5bc650ce1fed0db08a719036d5b3e966c454921eb5ffdca19d48594e74ceabc", size = 1243458, upload-time = "2026-06-19T13:34:30.739Z" },
    { url = "https://files.pythonhosted.org/packages/ef/23/59d765066c896a5740d092a89c5568f16666969dabc0f5ab774df2b99323/resvg_py-0.3.3-cp314-cp314-musllinux_1_2_aarch64.whl", hash = "sha256:ad4ca89b858b8a4955f675d8c053308a92a35071e45881d0dec925073cb064a5", size = 1349724, upload-time = "2026-06-19T13:34:32.38Z" },
    { url = "https://files.pythonhosted.org/packages/bd/03/982f178d0c1788716409829ae67466aca58fd6b325e890b4446c71f7e060/resvg_py-0.3.3-cp314-cp314-musllinux_1_2_armv7l.whl", hash = "sha256:bd3d3c86ca7ab2ec809bd9e617ca59c6c37778464cebd77a542851c30d9dd018", size = 1393310, upload-time = "2026-06-19T13:34:33.997Z" },
    { url = "https://files.pythonhosted.org/packages/c9/2f/9add96dd1f8286720e979345bcefcc62878969fe46643c5466d8fab7242c/resvg_py-0.3.3-cp314-cp314-musllinux_1_2_i686.whl", hash = "sha256:293e532a31a99231024290949249592bcf3823c75b23985684265f98281537ba", size = 1416001, upload-time = "2026-06-19T13:34:35.396Z" },
    { url = "https://files.pythonhosted.org/packages/72/aa/19828db4167bb9c99bec64cb57f5ffba73ff991ef97c165a5c2720e468f2/resvg_py-0.3.3-cp314-cp314-musllinux_1_2_x86_64.whl", hash = "sha256:b5dc3f2f4550bd0ca3e03dd16d3a3af44a08b116a51012980eb4becd132e286d", size = 1393281, upload-time = "2026-06-19T13:34:36.683Z" },
    { url = "https://files.pythonhosted.org/packages/5b/2c/db10d8f61ac62089605311411d81557b2b85cb19c5eac338a60d72a59d89/resvg_py-0.3.3-cp314-cp314-win32.whl", hash = "sha256:5e6f8f78f40b7393960e4dddd937304878aa84d6f90effaf609e6308fde34731", size = 972925, upload-time = "2026-06-19T13:34:38.107Z" },
    { url = "https://files.pythonhosted.org/packages/aa/79/b74d530abb493e3089fae71a09a64eacfc878fa2030a0d2cbc6879b91752/resvg_py-0.3.3-cp314-cp314-win_amd64.whl", hash = "sha256:abe83cbb03fb990f9ad0af3e6a7981dd82d4175c5e64a41ebe6d520e0b5bd033", size = 986775, upload-time = "2026-06-19T13:34:39.299Z" },
    { url = "https://files.pythonhosted.org/packages/68/2b/cfd32d44b7abca3d59ba36d37bea83c80a6aac650c5aac0341a3598e8fcd/resvg_py-0.3.3-cp314-cp314-win_arm64.whl", hash = "sha256:4fffccdb51359a867ca4aa602c15cda05ea9df63bf6d7860beb4b527850e615e", size = 925197, upload-time = "2026-06-19T13:34:40.595Z" },
    { url = "https://files.pythonhosted.org/packages/52/95/47bf074556cb9f388a42de5250c8edfc60e14e83227b2ba43e0f955dc22e/resvg_py-0.3.3-cp314-cp314t-manylinux_2_17_aarch64.manylinux2014_aarch64.whl", hash = "sha256:17856adeefcf221c632c694f80d2648d207b0f73654caa00218d48955c3b0622", size = 1171425, upload-time = "2026-06-19T13:34:42.071Z" },
    { url = "https://files.pythonhosted.org/packages/1c/82/371429aad2269cdc2beee7c35374d825009f5f2e188ec2d8dfdd3ceca9de/resvg_py-0.3.3-cp314-cp314t-manylinux_2_17_armv7l.manylinux2014_armv7l.whl", hash = "sha256:2ab7fc40a6c6a2f050c79ac2e3568a98e30f1650ea5513893ed6615f73355fda", size = 1116662, upload-time = "2026-06-19T13:34:43.323Z" },
    { url = "https://files.pythonhosted.org/packages/74/f3/efb2686e6b09cef373351f9bc202faf0e6263114361b3ac154c8c6c43eab/resvg_py-0.3.3-cp314-cp314t-manylinux_2_17_ppc64le.manylinux2014_ppc64le.whl", hash = "sha256:4b30970735648dcc06327a8d614dce8f77a4c307d023d2c026e19bca3996325c", size = 1270467, upload-time = "2026-06-19T13:34:44.635Z" },
    { url = "https://files.pythonhosted.org/packages/41/3e/21d3ff3035f321bd0950edba2eede7d132d5615683a3c125e05559f21ec9/resvg_py-0.3.3-cp314-cp314t-manylinux_2_17_s390x.manylinux2014_s390x.whl", hash = "sha256:ca8a487f375d585d4dca7afedbfc17667731248b53d924d6471e73d42fc4f373", size = 1253273, upload-time = "2026-06-19T13:34:46.358Z" },
    { url = "https://files.pythonhosted.org/packages/be/b1/c5238633b87e9da2a69a4189ca4dd110089ff4b58eebffa55c4aa2c12e19/resvg_py-0.3.3-cp314-cp314t-manylinux_2_17_x86_64.manylinux2014_x86_64.whl", hash = "sha256:b8bed4f81f9d9e09a1c7f15d1f51c2797dea80722147c6c907ab56532f1593aa", size = 1174298, upload-time = "2026-06-19T13:34:47.629Z" },
    { url = "https://files.pythonhosted.org/packages/b0/5d/a16ded58a4d784c124ae1b0ef91e1bee4b6b83c0b0ae3aaedc0a387b745f/resvg_py-0.3.3-cp314-cp314t-manylinux_2_5_i686.manylinux1_i686.whl", hash = "sha256:6b92a38614550852b522ce20523efad16b9e7b2dad31ec61eb7f04897c0ee05c", size = 1243652, upload-time = "2026-06-19T13:34:49.791Z" },
    { url = "https://files.pythonhosted.org/packages/81/fb/ab5a1e289a898c87c4d613d6ac7384dac17a3d5025ead2255f1dd1bf01d9/resvg_py-0.3.3-cp314-cp314t-musllinux_1_2_aarch64.whl", hash = "sha256:28c401eba4e7b43b51ae5c16aa0b684f92dade7b8ca7be0e5141b81e0bfed356", size = 1349607, upload-time = "2026-06-19T13:34:51.219Z" },
    { url = "https://files.pythonhosted.org/packages/06/e8/d8b1816e02820f0c7c225da305bdff4795cf39609f67fda5a5f375ff07fd/resvg_py-0.3.3-cp314-cp314t-musllinux_1_2_armv7l.whl", hash = "sha256:afd3008c6ec8af1cea3130826d6a58cbb1c2c97039e501e287bcd7243de5a28a", size = 1393322, upload-time = "2026-06-19T13:34:52.665Z" },
    { url = "https://files.pythonhosted.org/packages/cc/9a/021cc8f091b230583e0beba7a15050092e3d9df1f565e8c1a982d42c23bd/resvg_py-0.3.3-cp314-cp314t-musllinux_1_2_i686.whl", hash = "sha256:397ed997a2f7a737f5d78fe49ac41f45b7f2481e7001b3691a7a12f71267ed88", size = 1416223, upload-time = "2026-06-19T13:34:54.186Z" },
    { url = "https://files.pythonhosted.org/packages/06/09/b2812133ab10db96a82f8530cb7ffc50c71cfeac5f6f2060c2df71d8da88/resvg_py-0.3.3-cp314-cp314t-musllinux_1_2_x86_64.whl", hash = "sha256:83e9d1a01152f3a2a2266486e3ff04b37b6d535902a8923d2fbe95b8b201ce76", size = 1393394, upload-time = "2026-06-19T13:34:55.501Z" },
    { url = "https://files.pythonhosted.org/packages/fd/93/d50cfe83c24684c1a60e4a7d92fc896aaa3e83abf4e859faa5011c88f838/resvg_py-0.3.3-cp315-cp315-manylinux_2_17_x86_64.manylinux2014_x86_64.whl", hash = "sha256:36b12285554208096e31ea55d4135cd0f4a6141761e52b8e65252bb3eda8e555", size = 1174363, upload-time = "2026-06-19T13:34:56.907Z" },
    { url = "https://files.pythonhosted.org/packages/93/1c/cb77dd3d4970de67db98746cc9fbe5e1f33a5ad1c417617f0ae103748362/resvg_py-0.3.3-cp315-cp315-manylinux_2_5_i686.manylinux1_i686.whl", hash = "sha256:d6d38e48aedf6738097f8e59f4de83fcc48a0a783ff1457a3f614525944dd4e7", size = 1243472, upload-time = "2026-06-19T13:34:58.326Z" },
    { url = "https://files.pythonhosted.org/packages/cc/84/0a8fd77deca4007966431d44f874f5fb38a107971be958cd5f7ec13467a9/resvg_py-0.3.3-cp315-cp315t-manylinux_2_17_x86_64.manylinux2014_x86_64.whl", hash = "sha256:ba8e52c504b220db092926c5c312a8233d95864bf0a5a3674be936f92a70c913", size = 1174436, upload-time = "2026-06-19T13:35:00.094Z" },
    { url = "https://files.pythonhosted.org/packages/bf/ab/1a088f887ae32f5e3fc7ff906c94d8ddc4a4c2665672f3ba39190dd4bd5c/resvg_py-0.3.3-cp315-cp315t-manylinux_2_5_i686.manylinux1_i686.whl", hash = "sha256:18524420b5a96336a147703875d2d6a74b974776f7a3081ca416c7413b90c45b", size = 1243714, upload-time = "2026-06-19T13:35:01.556Z" },
]
